codeberg.org/kvo/std v0.0.0-20230430130300-10009eb244cc h1:C2rF9fDrYWAkJrOqYwuOwE/TqS+1mLHRLn4IpmWwlzc=
codeberg.org/kvo/std v0.0.0-20230430130300-10009eb244cc/go.mod h1:T3eok1G+fYwwMMY2obvjO18tBFoqkqcCwbP25DmBz3U=
golang.org/x/net v0.9.0 h1:aWJ/m6xSmxWBx+V0XRHTlrYrPG56jKsLdTFmsSsCzOM=
golang.org/x/net v0.9.0/go.mod h1:d48xBJpPfHeWQsugry2m+kC02ZBRGRgulfHnEXEuWns=
